codeberg.org/msantos/embedexe v0.0.0-20250421111610-c1538c66a2a1 h1:kNgh5czOvrBtHD81ir3HrleBumsuCdjTU6LOeZNBpG4=
codeberg.org/msantos/embedexe v0.0.0-20250421111610-c1538c66a2a1/go.mod h1:ipqSRAomnausawEF799WqXRHS6GzorCo7MN//9DC9+0=
codeberg.org/msantos/execve v0.0.0-20230206112018-e5c3a7f4d436 h1:JfctQYg/vUC3LpnjGeNTDI/JSenwfeshld2kUjjR2+0=
codeberg.org/msantos/execve v0.0.0-20230206112018-e5c3a7f4d436/go.mod h1:mvAmIdjLHiBlHQXtcPhQycOi0QuCAbw8dxOXxk0gYaE=
github.com/tidwall/gjson v1.18.0 h1:FIDeeyB800efLX89e5a8Y0BNH+LOngJyGrIWxG2FKQY=
github.com/tidwall/gjson v1.18.0/go.mod h1:/wbyibRr2FHMks5tjHJ5F8dMZh3AcwJEMf5vlfC0lxk=
github.com/tidwall/match v1.1.1 h1:+Ho715JplO36QYgwN9PGYNhgZvoUSc9X2c80KVTi+GA=
github.com/tidwall/match v1.1.1/go.mod h1:eRSPERbgtNPcGhD8UCthc6PmLEQXEWd3PRB5JTxsfmM=
github.com/tidwall/pretty v1.2.0 h1:RWIZEg2iJ8/g6fDDYzMpobmaoGh5OLl4AXtGUGPcqCs=
github.com/tidwall/pretty v1.2.0/go.mod h1:ITEVvHYasfjBbM0u2Pg8T2nJnzm8xPwvNhhsoaGGjNU=
golang.org/x/sys v0.16.0 h1:xWw16ngr6ZMtmxDyKyIgsE93KNKz5HKmMa3b8ALHidU=
golang.org/x/sys v0.16.0/go.mod h1:/VUhepiaJMQUp4+oa/7Zr1D23ma6VTLIYjOOTFZPUcA=
